
Microsoft Visual Studio Solution File, Format Version 12.00
# Visual Studio 15
VisualStudioVersion = 15.0.28307.106
MinimumVisualStudioVersion = 10.0.40219.1
Project("{FAE04EC0-301F-11D3-BF4B-00C04F79EFBC}") = "Container.Core", "Container.Core\Container.Core.csproj", "{DD884A27-6CA9-420A-92CC-04D54C5EC15F}"
EndProject
Project("{FAE04EC0-301F-11D3-BF4B-00C04F79EFBC}") = "Container.Test", "Container.Test\Container.Test.csproj", "{5FF32985-592D-4783-9F77-8E1D619D7687}"
EndProject
Global
	GlobalSection(SolutionConfigurationPlatforms) = preSolution
		Debug|Any CPU = Debug|Any CPU
		Release|Any CPU = Release|Any CPU
	EndGlobalSection
	GlobalSection(ProjectConfigurationPlatforms) = postSolution
		{DD884A27-6CA9-420A-92CC-04D54C5EC15F}.Debug|Any CPU.ActiveCfg = Debug|Any CPU
		{DD884A27-6CA9-420A-92CC-04D54C5EC15F}.Debug|Any CPU.Build.0 = Debug|Any CPU
		{DD884A27-6CA9-420A-92CC-04D54C5EC15F}.Release|Any CPU.ActiveCfg = Release|Any CPU
		{DD884A27-6CA9-420A-92CC-04D54C5EC15F}.Release|Any CPU.Build.0 = Release|Any CPU
		{5FF32985-592D-4783-9F77-8E1D619D7687}.Debug|Any CPU.ActiveCfg = Debug|Any CPU
		{5FF32985-592D-4783-9F77-8E1D619D7687}.Debug|Any CPU.Build.0 = Debug|Any CPU
		{5FF32985-592D-4783-9F77-8E1D619D7687}.Release|Any CPU.ActiveCfg = Release|Any CPU
		{5FF32985-592D-4783-9F77-8E1D619D7687}.Release|Any CPU.Build.0 = Release|Any CPU
	EndGlobalSection
	GlobalSection(SolutionProperties) = preSolution
		HideSolutionNode = FALSE
	EndGlobalSection
	GlobalSection(ExtensibilityGlobals) = postSolution
		SolutionGuid = {ECBAE96F-9773-48BE-B562-12AF4936D26D}
	EndGlobalSection
EndGlobal
